
Microsoft Visual Studio Solution File, Format Version 12.00
# Visual Studio Version 16
VisualStudioVersion = 16.0.30621.155
MinimumVisualStudioVersion = 10.0.40219.1
Project("{9A19103F-16F7-4668-BE54-9A1E7A4F7556}") = "Week52.WebAPI", "Week52\Week52.WebAPI.csproj", "{A31553F6-1340-417C-8923-552FD62386BE}"
	ProjectSection(ProjectDependencies) = postProject
		{653F8B96-FFAC-4B3E-B4D9-12E1F208CC1D} = {653F8B96-FFAC-4B3E-B4D9-12E1F208CC1D}
	EndProjectSection
EndProject
Project("{9A19103F-16F7-4668-BE54-9A1E7A4F7556}") = "Week52.DataAccess", "Week52.DataAccess\Week52.DataAccess.csproj", "{653F8B96-FFAC-4B3E-B4D9-12E1F208CC1D}"
EndProject
Project("{9A19103F-16F7-4668-BE54-9A1E7A4F7556}") = "Week52.Business", "Week52.Business\Week52.Business.csproj", "{ACA64459-AA60-4706-8D29-231033AA7BBF}"
EndProject
Global
	GlobalSection(SolutionConfigurationPlatforms) = preSolution
		Debug|Any CPU = Debug|Any CPU
		Release|Any CPU = Release|Any CPU
	EndGlobalSection
	GlobalSection(ProjectConfigurationPlatforms) = postSolution
		{A31553F6-1340-417C-8923-552FD62386BE}.Debug|Any CPU.ActiveCfg = Debug|Any CPU
		{A31553F6-1340-417C-8923-552FD62386BE}.Debug|Any CPU.Build.0 = Debug|Any CPU
		{A31553F6-1340-417C-8923-552FD62386BE}.Release|Any CPU.ActiveCfg = Release|Any CPU
		{A31553F6-1340-417C-8923-552FD62386BE}.Release|Any CPU.Build.0 = Release|Any CPU
		{653F8B96-FFAC-4B3E-B4D9-12E1F208CC1D}.Debug|Any CPU.ActiveCfg = Debug|Any CPU
		{653F8B96-FFAC-4B3E-B4D9-12E1F208CC1D}.Debug|Any CPU.Build.0 = Debug|Any CPU
		{653F8B96-FFAC-4B3E-B4D9-12E1F208CC1D}.Release|Any CPU.ActiveCfg = Release|Any CPU
		{653F8B96-FFAC-4B3E-B4D9-12E1F208CC1D}.Release|Any CPU.Build.0 = Release|Any CPU
		{ACA64459-AA60-4706-8D29-231033AA7BBF}.Debug|Any CPU.ActiveCfg = Debug|Any CPU
		{ACA64459-AA60-4706-8D29-231033AA7BBF}.Debug|Any CPU.Build.0 = Debug|Any CPU
		{ACA64459-AA60-4706-8D29-231033AA7BBF}.Release|Any CPU.ActiveCfg = Release|Any CPU
		{ACA64459-AA60-4706-8D29-231033AA7BBF}.Release|Any CPU.Build.0 = Release|Any CPU
	EndGlobalSection
	GlobalSection(SolutionProperties) = preSolution
		HideSolutionNode = FALSE
	EndGlobalSection
	GlobalSection(ExtensibilityGlobals) = postSolution
		SolutionGuid = {A03EC04F-A371-4E10-8CE4-3DADDBED348A}
	EndGlobalSection
EndGlobal
